
Microsoft Visual Studio Solution File, Format Version 12.00
Project("{FAE04EC0-301F-11D3-BF4B-00C04F79EFBC}") = "Exp3_WPF", "Exp3_WPF.csproj", "{704FFA94-2F8B-4D1F-B539-962C3C9A9EE8}"
EndProject
Global
	GlobalSection(SolutionConfigurationPlatforms) = preSolution
		Debug|Any CPU = Debug|Any CPU
		Release|Any CPU = Release|Any CPU
	EndGlobalSection
	GlobalSection(ProjectConfigurationPlatforms) = postSolution
		{704FFA94-2F8B-4D1F-B539-962C3C9A9EE8}.Debug|Any CPU.ActiveCfg = Debug|Any CPU
		{704FFA94-2F8B-4D1F-B539-962C3C9A9EE8}.Debug|Any CPU.Build.0 = Debug|Any CPU
		{704FFA94-2F8B-4D1F-B539-962C3C9A9EE8}.Release|Any CPU.ActiveCfg = Release|Any CPU
		{704FFA94-2F8B-4D1F-B539-962C3C9A9EE8}.Release|Any CPU.Build.0 = Release|Any CPU
	EndGlobalSection
EndGlobal
